PODS:
  - Differentiator (5.0.0)
  - PINCache (3.0.3):
    - PINCache/Arc-exception-safe (= 3.0.3)
    - PINCache/Core (= 3.0.3)
  - PINCache/Arc-exception-safe (3.0.3):
    - PINCache/Core
  - PINCache/Core (3.0.3):
    - PINOperation (~> 1.2.1)
  - PINOperation (1.2.2)
  - PINRemoteImage/Core (3.0.3):
    - PINOperation
  - PINRemoteImage/iOS (3.0.3):
    - PINRemoteImage/Core
  - PINRemoteImage/PINCache (3.0.3):
    - PINCache (~> 3.0.3)
    - PINRemoteImage/Core
  - RxCocoa (6.5.0):
    - RxRelay (= 6.5.0)
    - RxSwift (= 6.5.0)
  - RxKeyboard (2.0.0):
    - RxCocoa (~> 6.0)
    - RxSwift (~> 6.0)
  - RxRelay (6.5.0):
    - RxSwift (= 6.5.0)
  - RxSwift (6.5.0)
  - Swiftional (1.2.0)
  - Texture (3.1.0):
    - Texture/AssetsLibrary (= 3.1.0)
    - Texture/Core (= 3.1.0)
    - Texture/MapKit (= 3.1.0)
    - Texture/Photos (= 3.1.0)
    - Texture/PINRemoteImage (= 3.1.0)
    - Texture/Video (= 3.1.0)
  - Texture/AssetsLibrary (3.1.0):
    - Texture/Core
  - Texture/Core (3.1.0)
  - Texture/MapKit (3.1.0):
    - Texture/Core
  - Texture/Photos (3.1.0):
    - Texture/Core
  - Texture/PINRemoteImage (3.1.0):
    - PINRemoteImage/iOS (~> 3.0.0)
    - PINRemoteImage/PINCache
    - Texture/Core
  - Texture/Video (3.1.0):
    - Texture/Core
  - VANavigator (0.9.0)
  - VATextureKit (1.2.2):
    - Texture (~> 3.1.0)
    - VATextureKitSpec (= 1.2.2)
  - VATextureKitRx (1.2.2):
    - Differentiator (~> 5.0.0)
    - RxCocoa (~> 6.5.0)
    - RxSwift (~> 6.5.0)
    - Texture (~> 3.1.0)
    - VATextureKit (= 1.2.2)
    - VATextureKitSpec (= 1.2.2)
  - VATextureKitSpec (1.2.2):
    - Texture (~> 3.1.0)

DEPENDENCIES:
  - RxKeyboard (~> 2.0.0)
  - Swiftional (= 1.2.0)
  - VANavigator (from `../`)
  - VATextureKitRx (= 1.2.2)

SPEC REPOS:
  trunk:
    - Differentiator
    - PINCache
    - PINOperation
    - PINRemoteImage
    - RxCocoa
    - RxKeyboard
    - RxRelay
    - RxSwift
    - Swiftional
    - Texture
    - VATextureKit
    - VATextureKitRx
    - VATextureKitSpec

EXTERNAL SOURCES:
  VANavigator:
    :path: "../"

SPEC CHECKSUMS:
  Differentiator: e8497ceab83c1b10ca233716d547b9af21b9344d
  PINCache: 7a8fc1a691173d21dbddbf86cd515de6efa55086
  PINOperation: daa34d4aa1d8449089be7d405b9d974abc4724c6
  PINRemoteImage: f1295b29f8c5e640e25335a1b2bd9d805171bd01
  RxCocoa: 94f817b71c07517321eb4f9ad299112ca8af743b
  RxKeyboard: 4f5863f43b4ff0cbb2a20b94688d6b80c8a43c14
  RxRelay: 1de1523e604c72b6c68feadedd1af3b1b4d0ecbd
  RxSwift: 5710a9e6b17f3c3d6e40d6e559b9fa1e813b2ef8
  Swiftional: b62d1d53b614697eb064729465111993ab5eefe5
  Texture: 2e8ab2519452515f7f5a520f5a8f7e0a413abfa3
  VANavigator: 2e755ed129fffef2004bbc599c1aecf33981d17a
  VATextureKit: 5b1d22220eb036a9c05bca78e6764b956718a431
  VATextureKitRx: 6ab1eb683d812bdda896a01d8aa5de664f711048
  VATextureKitSpec: ef4045216662cf0b19c38e924ccaf713a0cb5917

PODFILE CHECKSUM: 6496454b0b1ef00fea942e92712dcbadefc429b2

COCOAPODS: 1.13.0
