{
  "originHash" : "e32c4db08537e282cd21507c9a88c0988b4717bd43bd26dd34ef8ef0b07092bf",
  "pins" : [
    {
      "identity" : "observationtracking",
      "kind" : "remoteSourceControl",
      "location" : "https://github.com/VAndrJ/ObservationTracking",
      "state" : {
        "revision" : "2c7537db1be7a32377eda0e5a83bc0e666208689",
        "version" : "1.1.2"
      }
    },
    {
      "identity" : "swift-syntax",
      "kind" : "remoteSourceControl",
      "location" : "https://github.com/swiftlang/swift-syntax.git",
      "state" : {
        "revision" : "0687f71944021d616d34d922343dcef086855920",
        "version" : "600.0.1"
      }
    },
    {
      "identity" : "swiftional",
      "kind" : "remoteSourceControl",
      "location" : "https://github.com/VAndrJ/Swiftional",
      "state" : {
        "revision" : "f16f0726931c6c65b0b37545eb98a39f8f767da5",
        "version" : "2.0.2"
      }
    }
  ],
  "version" : 3
}
