{
  "originHash" : "1056f05857ab3ef17d40062dff1d258f92faaf399c98b301f8bae938810760e2",
  "pins" : [
    {
      "identity" : "swiftional",
      "kind" : "remoteSourceControl",
      "location" : "https://github.com/VAndrJ/Swiftional",
      "state" : {
        "revision" : "616227ce6fbc30939fcf1af956928effaf4db84e",
        "version" : "2.0.1"
      }
    }
  ],
  "version" : 3
}
